// !$*UTF8*$!
{
	archiveVersion = 1;
	classes = {
	};
	objectVersion = 77;
	objects = {

/* Begin PBXBuildFile section */
		0440360E2DDB913600D4A187 /* StartViewController.swift in Sources */ = {isa = PBXBuildFile; fileRef = 044035EE2DDB913600D4A187 /* StartViewController.swift */; };
		0440360F2DDB913600D4A187 /* StatisticsViewController.swift in Sources */ = {isa = PBXBuildFile; fileRef = 044035F02DDB913600D4A187 /* StatisticsViewController.swift */; };
		044036142DDB913600D4A187 /* CustomTableViewCell.swift in Sources */ = {isa = PBXBuildFile; fileRef = 044035F82DDB913600D4A187 /* CustomTableViewCell.swift */; };
		044036162DDB913600D4A187 /* ScheduleViewController.swift in Sources */ = {isa = PBXBuildFile; fileRef = 044035FA2DDB913600D4A187 /* ScheduleViewController.swift */; };
		044036182DDB913600D4A187 /* Tracker.swift in Sources */ = {isa = PBXBuildFile; fileRef = 044035FD2DDB913600D4A187 /* Tracker.swift */; };
		044036192DDB913600D4A187 /* TrackerCategory.swift in Sources */ = {isa = PBXBuildFile; fileRef = 044035FE2DDB913600D4A187 /* TrackerCategory.swift */; };
		0440361A2DDB913600D4A187 /* TrackerRecord.swift in Sources */ = {isa = PBXBuildFile; fileRef = 044035FF2DDB913600D4A187 /* TrackerRecord.swift */; };
		0440361B2DDB913600D4A187 /* TypeTrackers.swift in Sources */ = {isa = PBXBuildFile; fileRef = 044036002DDB913600D4A187 /* TypeTrackers.swift */; };
		0440361C2DDB913600D4A187 /* WeekDay.swift in Sources */ = {isa = PBXBuildFile; fileRef = 044036012DDB913600D4A187 /* WeekDay.swift */; };
		044036202DDB913600D4A187 /* TrackersViewController.swift in Sources */ = {isa = PBXBuildFile; fileRef = 044036062DDB913600D4A187 /* TrackersViewController.swift */; };
		044036242DDB913600D4A187 /* YS DisplayBold.ttf in Resources */ = {isa = PBXBuildFile; fileRef = 044035E72DDB913600D4A187 /* YS DisplayBold.ttf */; };
		044036252DDB913600D4A187 /* YS DisplayMedium.ttf in Resources */ = {isa = PBXBuildFile; fileRef = 044035E82DDB913600D4A187 /* YS DisplayMedium.ttf */; };
		044036262DDB913600D4A187 /* Assets.xcassets in Resources */ = {isa = PBXBuildFile; fileRef = 044035EA2DDB913600D4A187 /* Assets.xcassets */; };
		044036272DDB913600D4A187 /* LaunchScreen.storyboard in Resources */ = {isa = PBXBuildFile; fileRef = 044035EC2DDB913600D4A187 /* LaunchScreen.storyboard */; };
		CE8AD74F2DF051C00064B4A7 /* Extension+UITextField.swift in Sources */ = {isa = PBXBuildFile; fileRef = CE8AD74E2DF051C00064B4A7 /* Extension+UITextField.swift */; };
		CEABDF662DF706940030B4CA /* StartPageViewController.swift in Sources */ = {isa = PBXBuildFile; fileRef = CEABDF652DF706940030B4CA /* StartPageViewController.swift */; };
/* End PBXBuildFile section */

/* Begin PBXFileReference section */
		044035E72DDB913600D4A187 /* YS DisplayBold.ttf */ = {isa = PBXFileReference; lastKnownFileType = file; path = "YS DisplayBold.ttf"; sourceTree = "<group>"; };
		044035E82DDB913600D4A187 /* YS DisplayMedium.ttf */ = {isa = PBXFileReference; lastKnownFileType = file; path = "YS DisplayMedium.ttf"; sourceTree = "<group>"; };
		044035EA2DDB913600D4A187 /* Assets.xcassets */ = {isa = PBXFileReference; lastKnownFileType = folder.assetcatalog; path = Assets.xcassets; sourceTree = "<group>"; };
		044035EB2DDB913600D4A187 /* Base */ = {isa = PBXFileReference; lastKnownFileType = file.storyboard; name = Base; path = Base.lproj/LaunchScreen.storyboard; sourceTree = "<group>"; };
		044035EE2DDB913600D4A187 /* StartViewController.swift */ = {isa = PBXFileReference; lastKnownFileType = sourcecode.swift; path = StartViewController.swift; sourceTree = "<group>"; };
		044035F02DDB913600D4A187 /* StatisticsViewController.swift */ = {isa = PBXFileReference; lastKnownFileType = sourcecode.swift; path = StatisticsViewController.swift; sourceTree = "<group>"; };
		044035F82DDB913600D4A187 /* CustomTableViewCell.swift */ = {isa = PBXFileReference; lastKnownFileType = sourcecode.swift; path = CustomTableViewCell.swift; sourceTree = "<group>"; };
		044035FA2DDB913600D4A187 /* ScheduleViewController.swift */ = {isa = PBXFileReference; lastKnownFileType = sourcecode.swift; path = ScheduleViewController.swift; sourceTree = "<group>"; };
		044035FD2DDB913600D4A187 /* Tracker.swift */ = {isa = PBXFileReference; lastKnownFileType = sourcecode.swift; path = Tracker.swift; sourceTree = "<group>"; };
		044035FE2DDB913600D4A187 /* TrackerCategory.swift */ = {isa = PBXFileReference; lastKnownFileType = sourcecode.swift; path = TrackerCategory.swift; sourceTree = "<group>"; };
		044035FF2DDB913600D4A187 /* TrackerRecord.swift */ = {isa = PBXFileReference; lastKnownFileType = sourcecode.swift; path = TrackerRecord.swift; sourceTree = "<group>"; };
		044036002DDB913600D4A187 /* TypeTrackers.swift */ = {isa = PBXFileReference; lastKnownFileType = sourcecode.swift; path = TypeTrackers.swift; sourceTree = "<group>"; };
		044036012DDB913600D4A187 /* WeekDay.swift */ = {isa = PBXFileReference; lastKnownFileType = sourcecode.swift; path = WeekDay.swift; sourceTree = "<group>"; };
		044036062DDB913600D4A187 /* TrackersViewController.swift */ = {isa = PBXFileReference; lastKnownFileType = sourcecode.swift; path = TrackersViewController.swift; sourceTree = "<group>"; };
		0440360A2DDB913600D4A187 /* Info.plist */ = {isa = PBXFileReference; lastKnownFileType = text.plist.xml; path = Info.plist; sourceTree = "<group>"; };
		CE3D27B32E05555700E4C12F /* Tracker.app */ = {isa = PBXFileReference; explicitFileType = wrapper.application; includeInIndex = 0; path = Tracker.app; sourceTree = BUILT_PRODUCTS_DIR; };
		CE8AD74E2DF051C00064B4A7 /* Extension+UITextField.swift */ = {isa = PBXFileReference; lastKnownFileType = sourcecode.swift; path = "Extension+UITextField.swift"; sourceTree = "<group>"; };
		CEABDF652DF706940030B4CA /* StartPageViewController.swift */ = {isa = PBXFileReference; lastKnownFileType = sourcecode.swift; path = StartPageViewController.swift; sourceTree = "<group>"; };
/* End PBXFileReference section */

/* Begin PBXFileSystemSynchronizedRootGroup section */
		CEABDF742DFAEA630030B4CA /* Application */ = {
			isa = PBXFileSystemSynchronizedRootGroup;
			path = Application;
			sourceTree = "<group>";
		};
		CEABDF782DFAEBAC0030B4CA /* Services */ = {
			isa = PBXFileSystemSynchronizedRootGroup;
			path = Services;
			sourceTree = "<group>";
		};
		CEABDF792DFAECD10030B4CA /* CollectionViewCell */ = {
			isa = PBXFileSystemSynchronizedRootGroup;
			path = CollectionViewCell;
			sourceTree = "<group>";
		};
		CEABDF7A2DFAED370030B4CA /* SupplementaryView */ = {
			isa = PBXFileSystemSynchronizedRootGroup;
			path = SupplementaryView;
			sourceTree = "<group>";
		};
		CEABDF7B2DFAEDB10030B4CA /* Category */ = {
			isa = PBXFileSystemSynchronizedRootGroup;
			path = Category;
			sourceTree = "<group>";
		};
		CEABDF7C2DFAEE500030B4CA /* Creating */ = {
			isa = PBXFileSystemSynchronizedRootGroup;
			path = Creating;
			sourceTree = "<group>";
		};
		CEF05E5C2DE8661500C0826B /* CoreData */ = {
			isa = PBXFileSystemSynchronizedRootGroup;
			path = CoreData;
			sourceTree = "<group>";
		};
/* End PBXFileSystemSynchronizedRootGroup section */

/* Begin PBXFrameworksBuildPhase section */
		CEA219C52DBA1BC5002181BF /* Frameworks */ = {
			isa = PBXFrameworksBuildPhase;
			buildActionMask = 2147483647;
			files = (
			);
			runOnlyForDeploymentPostprocessing = 0;
		};
/* End PBXFrameworksBuildPhase section */

/* Begin PBXGroup section */
		044035E92DDB913600D4A187 /* Font */ = {
			isa = PBXGroup;
			children = (
				044035E72DDB913600D4A187 /* YS DisplayBold.ttf */,
				044035E82DDB913600D4A187 /* YS DisplayMedium.ttf */,
			);
			path = Font;
			sourceTree = "<group>";
		};
		044035ED2DDB913600D4A187 /* Resources */ = {
			isa = PBXGroup;
			children = (
				044035E92DDB913600D4A187 /* Font */,
				044035EA2DDB913600D4A187 /* Assets.xcassets */,
				044035EC2DDB913600D4A187 /* LaunchScreen.storyboard */,
			);
			path = Resources;
			sourceTree = "<group>";
		};
		044035EF2DDB913600D4A187 /* StartViewController */ = {
			isa = PBXGroup;
			children = (
				044035EE2DDB913600D4A187 /* StartViewController.swift */,
				CEABDF652DF706940030B4CA /* StartPageViewController.swift */,
			);
			path = StartViewController;
			sourceTree = "<group>";
		};
		044035F12DDB913600D4A187 /* View */ = {
			isa = PBXGroup;
			children = (
				044035F02DDB913600D4A187 /* StatisticsViewController.swift */,
			);
			path = View;
			sourceTree = "<group>";
		};
		044035F22DDB913600D4A187 /* Statistics */ = {
			isa = PBXGroup;
			children = (
				044035F12DDB913600D4A187 /* View */,
			);
			path = Statistics;
			sourceTree = "<group>";
		};
		044035FB2DDB913600D4A187 /* CustomTableViewCell */ = {
			isa = PBXGroup;
			children = (
				044035F82DDB913600D4A187 /* CustomTableViewCell.swift */,
			);
			path = CustomTableViewCell;
			sourceTree = "<group>";
		};
		044036022DDB913600D4A187 /* Models */ = {
			isa = PBXGroup;
			children = (
				044035FD2DDB913600D4A187 /* Tracker.swift */,
				044035FE2DDB913600D4A187 /* TrackerCategory.swift */,
				044035FF2DDB913600D4A187 /* TrackerRecord.swift */,
				044036002DDB913600D4A187 /* TypeTrackers.swift */,
				044036012DDB913600D4A187 /* WeekDay.swift */,
			);
			path = Models;
			sourceTree = "<group>";
		};
		044036072DDB913600D4A187 /* View */ = {
			isa = PBXGroup;
			children = (
				044036062DDB913600D4A187 /* TrackersViewController.swift */,
				044035FA2DDB913600D4A187 /* ScheduleViewController.swift */,
			);
			path = View;
			sourceTree = "<group>";
		};
		044036082DDB913600D4A187 /* Trackers */ = {
			isa = PBXGroup;
			children = (
				CEABDF7C2DFAEE500030B4CA /* Creating */,
				CEABDF7A2DFAED370030B4CA /* SupplementaryView */,
				CEABDF792DFAECD10030B4CA /* CollectionViewCell */,
				044035FB2DDB913600D4A187 /* CustomTableViewCell */,
				044036022DDB913600D4A187 /* Models */,
				044036072DDB913600D4A187 /* View */,
				CEABDF7B2DFAEDB10030B4CA /* Category */,
			);
			path = Trackers;
			sourceTree = "<group>";
		};
		0440360D2DDB913600D4A187 /* Tracker */ = {
			isa = PBXGroup;
			children = (
				CEABDF742DFAEA630030B4CA /* Application */,
				0496F11F2DF094EB0097C35D /* Extensions */,
				CEF05E5C2DE8661500C0826B /* CoreData */,
				044035ED2DDB913600D4A187 /* Resources */,
				044035EF2DDB913600D4A187 /* StartViewController */,
				044035F22DDB913600D4A187 /* Statistics */,
				044036082DDB913600D4A187 /* Trackers */,
				0440360A2DDB913600D4A187 /* Info.plist */,
				CEABDF782DFAEBAC0030B4CA /* Services */,
			);
			path = Tracker;
			sourceTree = "<group>";
		};
		0496F11F2DF094EB0097C35D /* Extensions */ = {
			isa = PBXGroup;
			children = (
				0496F1202DF094F90097C35D /* UITextField+Ext */,
			);
			path = Extensions;
			sourceTree = "<group>";
		};
		0496F1202DF094F90097C35D /* UITextField+Ext */ = {
			isa = PBXGroup;
			children = (
				CE8AD74E2DF051C00064B4A7 /* Extension+UITextField.swift */,
			);
			path = "UITextField+Ext";
			sourceTree = "<group>";
		};
		CEA219BF2DBA1BC5002181BF = {
			isa = PBXGroup;
			children = (
				0440360D2DDB913600D4A187 /* Tracker */,
				CE3D27B32E05555700E4C12F /* Tracker.app */,
			);
			sourceTree = "<group>";
		};
/* End PBXGroup section */

/* Begin PBXNativeTarget section */
		CEA219C72DBA1BC5002181BF /* Tracker */ = {
			isa = PBXNativeTarget;
			buildConfigurationList = CEA219F12DBA1BC6002181BF /* Build configuration list for PBXNativeTarget "Tracker" */;
			buildPhases = (
				CEA219C42DBA1BC5002181BF /* Sources */,
				CEA219C52DBA1BC5002181BF /* Frameworks */,
				CEA219C62DBA1BC5002181BF /* Resources */,
			);
			buildRules = (
			);
			dependencies = (
			);
			fileSystemSynchronizedGroups = (
				CEABDF742DFAEA630030B4CA /* Application */,
				CEABDF782DFAEBAC0030B4CA /* Services */,
				CEABDF792DFAECD10030B4CA /* CollectionViewCell */,
				CEABDF7A2DFAED370030B4CA /* SupplementaryView */,
				CEABDF7B2DFAEDB10030B4CA /* Category */,
				CEABDF7C2DFAEE500030B4CA /* Creating */,
				CEF05E5C2DE8661500C0826B /* CoreData */,
			);
			name = Tracker;
			packageProductDependencies = (
			);
			productName = Tracker;
			productReference = CE3D27B32E05555700E4C12F /* Tracker.app */;
			productType = "com.apple.product-type.application";
		};
/* End PBXNativeTarget section */

/* Begin PBXProject section */
		CEA219C02DBA1BC5002181BF /* Project object */ = {
			isa = PBXProject;
			attributes = {
				BuildIndependentTargetsInParallel = 1;
				LastSwiftUpdateCheck = 1620;
				LastUpgradeCheck = 1620;
				TargetAttributes = {
					CEA219C72DBA1BC5002181BF = {
						CreatedOnToolsVersion = 16.2;
					};
				};
			};
			buildConfigurationList = CEA219C32DBA1BC5002181BF /* Build configuration list for PBXProject "Tracker" */;
			developmentRegion = en;
			hasScannedForEncodings = 0;
			knownRegions = (
				en,
				Base,
			);
			mainGroup = CEA219BF2DBA1BC5002181BF;
			minimizedProjectReferenceProxies = 1;
			preferredProjectObjectVersion = 77;
			productRefGroup = CEA219BF2DBA1BC5002181BF;
			projectDirPath = "";
			projectRoot = "";
			targets = (
				CEA219C72DBA1BC5002181BF /* Tracker */,
			);
		};
/* End PBXProject section */

/* Begin PBXResourcesBuildPhase section */
		CEA219C62DBA1BC5002181BF /* Resources */ = {
			isa = PBXResourcesBuildPhase;
			buildActionMask = 2147483647;
			files = (
				044036242DDB913600D4A187 /* YS DisplayBold.ttf in Resources */,
				044036252DDB913600D4A187 /* YS DisplayMedium.ttf in Resources */,
				044036262DDB913600D4A187 /* Assets.xcassets in Resources */,
				044036272DDB913600D4A187 /* LaunchScreen.storyboard in Resources */,
			);
			runOnlyForDeploymentPostprocessing = 0;
		};
/* End PBXResourcesBuildPhase section */

/* Begin PBXSourcesBuildPhase section */
		CEA219C42DBA1BC5002181BF /* Sources */ = {
			isa = PBXSourcesBuildPhase;
			buildActionMask = 2147483647;
			files = (
				0440360E2DDB913600D4A187 /* StartViewController.swift in Sources */,
				CE8AD74F2DF051C00064B4A7 /* Extension+UITextField.swift in Sources */,
				0440360F2DDB913600D4A187 /* StatisticsViewController.swift in Sources */,
				044036142DDB913600D4A187 /* CustomTableViewCell.swift in Sources */,
				044036162DDB913600D4A187 /* ScheduleViewController.swift in Sources */,
				044036182DDB913600D4A187 /* Tracker.swift in Sources */,
				CEABDF662DF706940030B4CA /* StartPageViewController.swift in Sources */,
				044036192DDB913600D4A187 /* TrackerCategory.swift in Sources */,
				0440361A2DDB913600D4A187 /* TrackerRecord.swift in Sources */,
				0440361B2DDB913600D4A187 /* TypeTrackers.swift in Sources */,
				0440361C2DDB913600D4A187 /* WeekDay.swift in Sources */,
				044036202DDB913600D4A187 /* TrackersViewController.swift in Sources */,
			);
			runOnlyForDeploymentPostprocessing = 0;
		};
/* End PBXSourcesBuildPhase section */

/* Begin PBXVariantGroup section */
		044035EC2DDB913600D4A187 /* LaunchScreen.storyboard */ = {
			isa = PBXVariantGroup;
			children = (
				044035EB2DDB913600D4A187 /* Base */,
			);
			name = LaunchScreen.storyboard;
			sourceTree = "<group>";
		};
/* End PBXVariantGroup section */

/* Begin XCBuildConfiguration section */
		CEA219F22DBA1BC6002181BF /* Debug */ = {
			isa = XCBuildConfiguration;
			buildSettings = {
				ASSETCATALOG_COMPILER_APPICON_NAME = AppIcon;
				ASSETCATALOG_COMPILER_GLOBAL_ACCENT_COLOR_NAME = AccentColor;
				CODE_SIGN_STYLE = Automatic;
				CURRENT_PROJECT_VERSION = 1;
				DEVELOPMENT_TEAM = FJA62MK9TU;
				GENERATE_INFOPLIST_FILE = YES;
				INFOPLIST_FILE = Tracker/Info.plist;
				INFOPLIST_KEY_UIApplicationSupportsIndirectInputEvents = YES;
				INFOPLIST_KEY_UILaunchStoryboardName = LaunchScreen;
				INFOPLIST_KEY_UISupportedInterfaceOrientations = UIInterfaceOrientationPortrait;
				INFOPLIST_KEY_UISupportedInterfaceOrientations_iPad = "UIInterfaceOrientationLandscapeLeft UIInterfaceOrientationLandscapeRight UIInterfaceOrientationPortrait UIInterfaceOrientationPortraitUpsideDown";
				IPHONEOS_DEPLOYMENT_TARGET = 13.4;
				LD_RUNPATH_SEARCH_PATHS = (
					"$(inherited)",
					"@executable_path/Frameworks",
				);
				MARKETING_VERSION = 1.0;
				PRODUCT_BUNDLE_IDENTIFIER = "ru.Fennec-meow.Tracker";
				PRODUCT_NAME = "$(TARGET_NAME)";
				SUPPORTED_PLATFORMS = "iphoneos iphonesimulator";
				SUPPORTS_MACCATALYST = NO;
				SUPPORTS_MAC_DESIGNED_FOR_IPHONE_IPAD = NO;
				SUPPORTS_XR_DESIGNED_FOR_IPHONE_IPAD = NO;
				SWIFT_EMIT_LOC_STRINGS = YES;
				SWIFT_VERSION = 5.0;
				TARGETED_DEVICE_FAMILY = 1;
			};
			name = Debug;
		};
		CEA219F32DBA1BC6002181BF /* Release */ = {
			isa = XCBuildConfiguration;
			buildSettings = {
				ASSETCATALOG_COMPILER_APPICON_NAME = AppIcon;
				ASSETCATALOG_COMPILER_GLOBAL_ACCENT_COLOR_NAME = AccentColor;
				CODE_SIGN_STYLE = Automatic;
				CURRENT_PROJECT_VERSION = 1;
				DEVELOPMENT_TEAM = FJA62MK9TU;
				GENERATE_INFOPLIST_FILE = YES;
				INFOPLIST_FILE = Tracker/Info.plist;
				INFOPLIST_KEY_UIApplicationSupportsIndirectInputEvents = YES;
				INFOPLIST_KEY_UILaunchStoryboardName = LaunchScreen;
				INFOPLIST_KEY_UISupportedInterfaceOrientations = UIInterfaceOrientationPortrait;
				INFOPLIST_KEY_UISupportedInterfaceOrientations_iPad = "UIInterfaceOrientationLandscapeLeft UIInterfaceOrientationLandscapeRight UIInterfaceOrientationPortrait UIInterfaceOrientationPortraitUpsideDown";
				IPHONEOS_DEPLOYMENT_TARGET = 13.4;
				LD_RUNPATH_SEARCH_PATHS = (
					"$(inherited)",
					"@executable_path/Frameworks",
				);
				MARKETING_VERSION = 1.0;
				PRODUCT_BUNDLE_IDENTIFIER = "ru.Fennec-meow.Tracker";
				PRODUCT_NAME = "$(TARGET_NAME)";
				SUPPORTED_PLATFORMS = "iphoneos iphonesimulator";
				SUPPORTS_MACCATALYST = NO;
				SUPPORTS_MAC_DESIGNED_FOR_IPHONE_IPAD = NO;
				SUPPORTS_XR_DESIGNED_FOR_IPHONE_IPAD = NO;
				SWIFT_EMIT_LOC_STRINGS = YES;
				SWIFT_VERSION = 5.0;
				TARGETED_DEVICE_FAMILY = 1;
			};
			name = Release;
		};
		CEA219F42DBA1BC6002181BF /* Debug */ = {
			isa = XCBuildConfiguration;
			buildSettings = {
				ALWAYS_SEARCH_USER_PATHS = NO;
				ASSETCATALOG_COMPILER_GENERATE_SWIFT_ASSET_SYMBOL_EXTENSIONS = YES;
				CLANG_ANALYZER_NONNULL = YES;
				CLANG_ANALYZER_NUMBER_OBJECT_CONVERSION = YES_AGGRESSIVE;
				CLANG_CXX_LANGUAGE_STANDARD = "gnu++20";
				CLANG_ENABLE_MODULES = YES;
				CLANG_ENABLE_OBJC_ARC = YES;
				CLANG_ENABLE_OBJC_WEAK = YES;
				CLANG_WARN_BLOCK_CAPTURE_AUTORELEASING = YES;
				CLANG_WARN_BOOL_CONVERSION = YES;
				CLANG_WARN_COMMA = YES;
				CLANG_WARN_CONSTANT_CONVERSION = YES;
				CLANG_WARN_DEPRECATED_OBJC_IMPLEMENTATIONS = YES;
				CLANG_WARN_DIRECT_OBJC_ISA_USAGE = YES_ERROR;
				CLANG_WARN_DOCUMENTATION_COMMENTS = YES;
				CLANG_WARN_EMPTY_BODY = YES;
				CLANG_WARN_ENUM_CONVERSION = YES;
				CLANG_WARN_INFINITE_RECURSION = YES;
				CLANG_WARN_INT_CONVERSION = YES;
				CLANG_WARN_NON_LITERAL_NULL_CONVERSION = YES;
				CLANG_WARN_OBJC_IMPLICIT_RETAIN_SELF = YES;
				CLANG_WARN_OBJC_LITERAL_CONVERSION = YES;
				CLANG_WARN_OBJC_ROOT_CLASS = YES_ERROR;
				CLANG_WARN_QUOTED_INCLUDE_IN_FRAMEWORK_HEADER = YES;
				CLANG_WARN_RANGE_LOOP_ANALYSIS = YES;
				CLANG_WARN_STRICT_PROTOTYPES = YES;
				CLANG_WARN_SUSPICIOUS_MOVE = YES;
				CLANG_WARN_UNGUARDED_AVAILABILITY = YES_AGGRESSIVE;
				CLANG_WARN_UNREACHABLE_CODE = YES;
				CLANG_WARN__DUPLICATE_METHOD_MATCH = YES;
				COPY_PHASE_STRIP = NO;
				DEBUG_INFORMATION_FORMAT = dwarf;
				ENABLE_STRICT_OBJC_MSGSEND = YES;
				ENABLE_TESTABILITY = YES;
				ENABLE_USER_SCRIPT_SANDBOXING = YES;
				GCC_C_LANGUAGE_STANDARD = gnu17;
				GCC_DYNAMIC_NO_PIC = NO;
				GCC_NO_COMMON_BLOCKS = YES;
				GCC_OPTIMIZATION_LEVEL = 0;
				GCC_PREPROCESSOR_DEFINITIONS = (
					"DEBUG=1",
					"$(inherited)",
				);
				GCC_WARN_64_TO_32_BIT_CONVERSION = YES;
				GCC_WARN_ABOUT_RETURN_TYPE = YES_ERROR;
				GCC_WARN_UNDECLARED_SELECTOR = YES;
				GCC_WARN_UNINITIALIZED_AUTOS = YES_AGGRESSIVE;
				GCC_WARN_UNUSED_FUNCTION = YES;
				GCC_WARN_UNUSED_VARIABLE = YES;
				IPHONEOS_DEPLOYMENT_TARGET = 18.2;
				LOCALIZATION_PREFERS_STRING_CATALOGS = YES;
				MTL_ENABLE_DEBUG_INFO = INCLUDE_SOURCE;
				MTL_FAST_MATH = YES;
				ONLY_ACTIVE_ARCH = YES;
				SDKROOT = iphoneos;
				SWIFT_ACTIVE_COMPILATION_CONDITIONS = "DEBUG $(inherited)";
				SWIFT_OPTIMIZATION_LEVEL = "-Onone";
			};
			name = Debug;
		};
		CEA219F52DBA1BC6002181BF /* Release */ = {
			isa = XCBuildConfiguration;
			buildSettings = {
				ALWAYS_SEARCH_USER_PATHS = NO;
				ASSETCATALOG_COMPILER_GENERATE_SWIFT_ASSET_SYMBOL_EXTENSIONS = YES;
				CLANG_ANALYZER_NONNULL = YES;
				CLANG_ANALYZER_NUMBER_OBJECT_CONVERSION = YES_AGGRESSIVE;
				CLANG_CXX_LANGUAGE_STANDARD = "gnu++20";
				CLANG_ENABLE_MODULES = YES;
				CLANG_ENABLE_OBJC_ARC = YES;
				CLANG_ENABLE_OBJC_WEAK = YES;
				CLANG_WARN_BLOCK_CAPTURE_AUTORELEASING = YES;
				CLANG_WARN_BOOL_CONVERSION = YES;
				CLANG_WARN_COMMA = YES;
				CLANG_WARN_CONSTANT_CONVERSION = YES;
				CLANG_WARN_DEPRECATED_OBJC_IMPLEMENTATIONS = YES;
				CLANG_WARN_DIRECT_OBJC_ISA_USAGE = YES_ERROR;
				CLANG_WARN_DOCUMENTATION_COMMENTS = YES;
				CLANG_WARN_EMPTY_BODY = YES;
				CLANG_WARN_ENUM_CONVERSION = YES;
				CLANG_WARN_INFINITE_RECURSION = YES;
				CLANG_WARN_INT_CONVERSION = YES;
				CLANG_WARN_NON_LITERAL_NULL_CONVERSION = YES;
				CLANG_WARN_OBJC_IMPLICIT_RETAIN_SELF = YES;
				CLANG_WARN_OBJC_LITERAL_CONVERSION = YES;
				CLANG_WARN_OBJC_ROOT_CLASS = YES_ERROR;
				CLANG_WARN_QUOTED_INCLUDE_IN_FRAMEWORK_HEADER = YES;
				CLANG_WARN_RANGE_LOOP_ANALYSIS = YES;
				CLANG_WARN_STRICT_PROTOTYPES = YES;
				CLANG_WARN_SUSPICIOUS_MOVE = YES;
				CLANG_WARN_UNGUARDED_AVAILABILITY = YES_AGGRESSIVE;
				CLANG_WARN_UNREACHABLE_CODE = YES;
				CLANG_WARN__DUPLICATE_METHOD_MATCH = YES;
				COPY_PHASE_STRIP = NO;
				DEBUG_INFORMATION_FORMAT = "dwarf-with-dsym";
				ENABLE_NS_ASSERTIONS = NO;
				ENABLE_STRICT_OBJC_MSGSEND = YES;
				ENABLE_USER_SCRIPT_SANDBOXING = YES;
				GCC_C_LANGUAGE_STANDARD = gnu17;
				GCC_NO_COMMON_BLOCKS = YES;
				GCC_WARN_64_TO_32_BIT_CONVERSION = YES;
				GCC_WARN_ABOUT_RETURN_TYPE = YES_ERROR;
				GCC_WARN_UNDECLARED_SELECTOR = YES;
				GCC_WARN_UNINITIALIZED_AUTOS = YES_AGGRESSIVE;
				GCC_WARN_UNUSED_FUNCTION = YES;
				GCC_WARN_UNUSED_VARIABLE = YES;
				IPHONEOS_DEPLOYMENT_TARGET = 18.2;
				LOCALIZATION_PREFERS_STRING_CATALOGS = YES;
				MTL_ENABLE_DEBUG_INFO = NO;
				MTL_FAST_MATH = YES;
				SDKROOT = iphoneos;
				SWIFT_COMPILATION_MODE = wholemodule;
				VALIDATE_PRODUCT = YES;
			};
			name = Release;
		};
/* End XCBuildConfiguration section */

/* Begin XCConfigurationList section */
		CEA219C32DBA1BC5002181BF /* Build configuration list for PBXProject "Tracker" */ = {
			isa = XCConfigurationList;
			buildConfigurations = (
				CEA219F42DBA1BC6002181BF /* Debug */,
				CEA219F52DBA1BC6002181BF /* Release */,
			);
			defaultConfigurationIsVisible = 0;
			defaultConfigurationName = Release;
		};
		CEA219F12DBA1BC6002181BF /* Build configuration list for PBXNativeTarget "Tracker" */ = {
			isa = XCConfigurationList;
			buildConfigurations = (
				CEA219F22DBA1BC6002181BF /* Debug */,
				CEA219F32DBA1BC6002181BF /* Release */,
			);
			defaultConfigurationIsVisible = 0;
			defaultConfigurationName = Release;
		};
/* End XCConfigurationList section */
	};
	rootObject = CEA219C02DBA1BC5002181BF /* Project object */;
}
